
Microsoft Visual Studio Solution File, Format Version 12.00
# Visual Studio 2012
Project("{FAE04EC0-301F-11D3-BF4B-00C04F79EFBC}") = "SerializationDemo", "SerializationDemo\SerializationDemo.csproj", "{CFF9B30E-84CE-4644-A57D-A86A6C34FC15}"
EndProject
Global
	GlobalSection(SolutionConfigurationPlatforms) = preSolution
		Debug|Any CPU = Debug|Any CPU
		Release|Any CPU = Release|Any CPU
	EndGlobalSection
	GlobalSection(ProjectConfigurationPlatforms) = postSolution
		{CFF9B30E-84CE-4644-A57D-A86A6C34FC15}.Debug|Any CPU.ActiveCfg = Debug|Any CPU
		{CFF9B30E-84CE-4644-A57D-A86A6C34FC15}.Debug|Any CPU.Build.0 = Debug|Any CPU
		{CFF9B30E-84CE-4644-A57D-A86A6C34FC15}.Release|Any CPU.ActiveCfg = Release|Any CPU
		{CFF9B30E-84CE-4644-A57D-A86A6C34FC15}.Release|Any CPU.Build.0 = Release|Any CPU
	EndGlobalSection
	GlobalSection(SolutionProperties) = preSolution
		HideSolutionNode = FALSE
	EndGlobalSection
EndGlobal
